
Microsoft Visual Studio Solution File, Format Version 12.00
# Visual Studio Version 17
VisualStudioVersion = 17.4.33205.214
MinimumVisualStudioVersion = 10.0.40219.1
Project("{FAE04EC0-301F-11D3-BF4B-00C04F79EFBC}") = "Class.Math", "Class.Math\Class.Math.csproj", "{529EB1FC-4581-4D66-B387-781A7B2D28AD}"
EndProject
Global
	GlobalSection(SolutionConfigurationPlatforms) = preSolution
		Debug|Any CPU = Debug|Any CPU
		Release|Any CPU = Release|Any CPU
	EndGlobalSection
	GlobalSection(ProjectConfigurationPlatforms) = postSolution
		{529EB1FC-4581-4D66-B387-781A7B2D28AD}.Debug|Any CPU.ActiveCfg = Debug|Any CPU
		{529EB1FC-4581-4D66-B387-781A7B2D28AD}.Debug|Any CPU.Build.0 = Debug|Any CPU
		{529EB1FC-4581-4D66-B387-781A7B2D28AD}.Release|Any CPU.ActiveCfg = Release|Any CPU
		{529EB1FC-4581-4D66-B387-781A7B2D28AD}.Release|Any CPU.Build.0 = Release|Any CPU
	EndGlobalSection
	GlobalSection(SolutionProperties) = preSolution
		HideSolutionNode = FALSE
	EndGlobalSection
	GlobalSection(ExtensibilityGlobals) = postSolution
		SolutionGuid = {BD706302-3FA0-4D1E-9D53-5EDCE7C5C94D}
	EndGlobalSection
EndGlobal
